// !$*UTF8*$!
{
	archiveVersion = 1;
	classes = {
	};
	objectVersion = 48;
	objects = {

/* Begin PBXBuildFile section */
		4E756689206B61CD00D623DB /* AppDelegate.swift in Sources */ = {isa = PBXBuildFile; fileRef = 4E756688206B61CD00D623DB /* AppDelegate.swift */; };
		4E75668B206B61CD00D623DB /* ViewController.swift in Sources */ = {isa = PBXBuildFile; fileRef = 4E75668A206B61CD00D623DB /* ViewController.swift */; };
		4E75668E206B61CD00D623DB /* Main.storyboard in Resources */ = {isa = PBXBuildFile; fileRef = 4E75668C206B61CD00D623DB /* Main.storyboard */; };
		4E756691206B61CD00D623DB /* Dyce.xcdatamodeld in Sources */ = {isa = PBXBuildFile; fileRef = 4E75668F206B61CD00D623DB /* Dyce.xcdatamodeld */; };
		4E756693206B61CD00D623DB /* Assets.xcassets in Resources */ = {isa = PBXBuildFile; fileRef = 4E756692206B61CD00D623DB /* Assets.xcassets */; };
		4E756696206B61CD00D623DB /* LaunchScreen.storyboard in Resources */ = {isa = PBXBuildFile; fileRef = 4E756694206B61CD00D623DB /* LaunchScreen.storyboard */; };
		4E7566A1206B61CD00D623DB /* DyceTests.swift in Sources */ = {isa = PBXBuildFile; fileRef = 4E7566A0206B61CD00D623DB /* DyceTests.swift */; };
		4E7566AC206B61CD00D623DB /* DyceUITests.swift in Sources */ = {isa = PBXBuildFile; fileRef = 4E7566AB206B61CD00D623DB /* DyceUITests.swift */; };
		4EA7C521206B68090002D08E /* Login.storyboard in Resources */ = {isa = PBXBuildFile; fileRef = 4EA7C520206B68090002D08E /* Login.storyboard */; };
		4EA7C524206B69550002D08E /* LoginViewController.swift in Sources */ = {isa = PBXBuildFile; fileRef = 4EA7C522206B69530002D08E /* LoginViewController.swift */; };
		4EA7C525206B69550002D08E /* SignUpViewController.swift in Sources */ = {isa = PBXBuildFile; fileRef = 4EA7C523206B69540002D08E /* SignUpViewController.swift */; };
		4EA7C528206B6C950002D08E /* CategoryHelper.swift in Sources */ = {isa = PBXBuildFile; fileRef = 4EA7C527206B6C950002D08E /* CategoryHelper.swift */; };
		4EA7C52E206B6CA80002D08E /* VCWithKeyBoard.swift in Sources */ = {isa = PBXBuildFile; fileRef = 4EA7C52A206B6CA70002D08E /* VCWithKeyBoard.swift */; };
		4EA7C52F206B6CA80002D08E /* AlertController.swift in Sources */ = {isa = PBXBuildFile; fileRef = 4EA7C52B206B6CA70002D08E /* AlertController.swift */; };
		4EA7C530206B6CA80002D08E /* PhotoHelper.swift in Sources */ = {isa = PBXBuildFile; fileRef = 4EA7C52C206B6CA80002D08E /* PhotoHelper.swift */; };
		4EA7C534206C9C940002D08E /* GoogleService-Info.plist in Resources */ = {isa = PBXBuildFile; fileRef = 4EA7C533206C9C940002D08E /* GoogleService-Info.plist */; };
		D9D5DF1B9BFD72E942EEEC9C /* Pods_Dyce.framework in Frameworks */ = {isa = PBXBuildFile; fileRef = 6867C850E65CABB0A630F3C0 /* Pods_Dyce.framework */; };
/* End PBXBuildFile section */

/* Begin PBXContainerItemProxy section */
		4E75669D206B61CD00D623DB /* PBXContainerItemProxy */ = {
			isa = PBXContainerItemProxy;
			containerPortal = 4E75667D206B61CD00D623DB /* Project object */;
			proxyType = 1;
			remoteGlobalIDString = 4E756684206B61CD00D623DB;
			remoteInfo = Dyce;
		};
		4E7566A8206B61CD00D623DB /* PBXContainerItemProxy */ = {
			isa = PBXContainerItemProxy;
			containerPortal = 4E75667D206B61CD00D623DB /* Project object */;
			proxyType = 1;
			remoteGlobalIDString = 4E756684206B61CD00D623DB;
			remoteInfo = Dyce;
		};
/* End PBXContainerItemProxy section */

/* Begin PBXFileReference section */
		3A49C0D2219687D307379DC8 /* Pods-Dyce.release.xcconfig */ = {isa = PBXFileReference; includeInIndex = 1; lastKnownFileType = text.xcconfig; name = "Pods-Dyce.release.xcconfig"; path = "Pods/Target Support Files/Pods-Dyce/Pods-Dyce.release.xcconfig"; sourceTree = "<group>"; };
		4E756685206B61CD00D623DB /* Dyce.app */ = {isa = PBXFileReference; explicitFileType = wrapper.application; includeInIndex = 0; path = Dyce.app; sourceTree = BUILT_PRODUCTS_DIR; };
		4E756688206B61CD00D623DB /* AppDelegate.swift */ = {isa = PBXFileReference; lastKnownFileType = sourcecode.swift; path = AppDelegate.swift; sourceTree = "<group>"; };
		4E75668A206B61CD00D623DB /* ViewController.swift */ = {isa = PBXFileReference; lastKnownFileType = sourcecode.swift; path = ViewController.swift; sourceTree = "<group>"; };
		4E75668D206B61CD00D623DB /* Base */ = {isa = PBXFileReference; lastKnownFileType = file.storyboard; name = Base; path = Base.lproj/Main.storyboard; sourceTree = "<group>"; };
		4E756690206B61CD00D623DB /* Dyce.xcdatamodel */ = {isa = PBXFileReference; lastKnownFileType = wrapper.xcdatamodel; path = Dyce.xcdatamodel; sourceTree = "<group>"; };
		4E756692206B61CD00D623DB /* Assets.xcassets */ = {isa = PBXFileReference; lastKnownFileType = folder.assetcatalog; path = Assets.xcassets; sourceTree = "<group>"; };
		4E756695206B61CD00D623DB /* Base */ = {isa = PBXFileReference; lastKnownFileType = file.storyboard; name = Base; path = Base.lproj/LaunchScreen.storyboard; sourceTree = "<group>"; };
		4E756697206B61CD00D623DB /* Info.plist */ = {isa = PBXFileReference; lastKnownFileType = text.plist.xml; path = Info.plist; sourceTree = "<group>"; };
		4E75669C206B61CD00D623DB /* DyceTests.xctest */ = {isa = PBXFileReference; explicitFileType = wrapper.cfbundle; includeInIndex = 0; path = DyceTests.xctest; sourceTree = BUILT_PRODUCTS_DIR; };
		4E7566A0206B61CD00D623DB /* DyceTests.swift */ = {isa = PBXFileReference; lastKnownFileType = sourcecode.swift; path = DyceTests.swift; sourceTree = "<group>"; };
		4E7566A2206B61CD00D623DB /* Info.plist */ = {isa = PBXFileReference; lastKnownFileType = text.plist.xml; path = Info.plist; sourceTree = "<group>"; };
		4E7566A7206B61CD00D623DB /* DyceUITests.xctest */ = {isa = PBXFileReference; explicitFileType = wrapper.cfbundle; includeInIndex = 0; path = DyceUITests.xctest; sourceTree = BUILT_PRODUCTS_DIR; };
		4E7566AB206B61CD00D623DB /* DyceUITests.swift */ = {isa = PBXFileReference; lastKnownFileType = sourcecode.swift; path = DyceUITests.swift; sourceTree = "<group>"; };
		4E7566AD206B61CD00D623DB /* Info.plist */ = {isa = PBXFileReference; lastKnownFileType = text.plist.xml; path = Info.plist; sourceTree = "<group>"; };
		4EA7C520206B68090002D08E /* Login.storyboard */ = {isa = PBXFileReference; lastKnownFileType = file.storyboard; path = Login.storyboard; sourceTree = "<group>"; };
		4EA7C522206B69530002D08E /* LoginViewController.swift */ = {isa = PBXFileReference; fileEncoding = 4; lastKnownFileType = sourcecode.swift; path = LoginViewController.swift; sourceTree = "<group>"; };
		4EA7C523206B69540002D08E /* SignUpViewController.swift */ = {isa = PBXFileReference; fileEncoding = 4; lastKnownFileType = sourcecode.swift; path = SignUpViewController.swift; sourceTree = "<group>"; };
		4EA7C527206B6C950002D08E /* CategoryHelper.swift */ = {isa = PBXFileReference; fileEncoding = 4; lastKnownFileType = sourcecode.swift; path = CategoryHelper.swift; sourceTree = "<group>"; };
		4EA7C52A206B6CA70002D08E /* VCWithKeyBoard.swift */ = {isa = PBXFileReference; fileEncoding = 4; lastKnownFileType = sourcecode.swift; path = VCWithKeyBoard.swift; sourceTree = "<group>"; };
		4EA7C52B206B6CA70002D08E /* AlertController.swift */ = {isa = PBXFileReference; fileEncoding = 4; lastKnownFileType = sourcecode.swift; path = AlertController.swift; sourceTree = "<group>"; };
		4EA7C52C206B6CA80002D08E /* PhotoHelper.swift */ = {isa = PBXFileReference; fileEncoding = 4; lastKnownFileType = sourcecode.swift; path = PhotoHelper.swift; sourceTree = "<group>"; };
		4EA7C533206C9C940002D08E /* GoogleService-Info.plist */ = {isa = PBXFileReference; fileEncoding = 4; lastKnownFileType = text.plist.xml; path = "GoogleService-Info.plist"; sourceTree = "<group>"; };
		6867C850E65CABB0A630F3C0 /* Pods_Dyce.framework */ = {isa = PBXFileReference; explicitFileType = wrapper.framework; includeInIndex = 0; path = Pods_Dyce.framework; sourceTree = BUILT_PRODUCTS_DIR; };
		C04D1389DA537A0755F29995 /* Pods-Dyce.debug.xcconfig */ = {isa = PBXFileReference; includeInIndex = 1; lastKnownFileType = text.xcconfig; name = "Pods-Dyce.debug.xcconfig"; path = "Pods/Target Support Files/Pods-Dyce/Pods-Dyce.debug.xcconfig"; sourceTree = "<group>"; };
/* End PBXFileReference section */

/* Begin PBXFrameworksBuildPhase section */
		4E756682206B61CD00D623DB /* Frameworks */ = {
			isa = PBXFrameworksBuildPhase;
			buildActionMask = 2147483647;
			files = (
				D9D5DF1B9BFD72E942EEEC9C /* Pods_Dyce.framework in Frameworks */,
			);
			runOnlyForDeploymentPostprocessing = 0;
		};
		4E756699206B61CD00D623DB /* Frameworks */ = {
			isa = PBXFrameworksBuildPhase;
			buildActionMask = 2147483647;
			files = (
			);
			runOnlyForDeploymentPostprocessing = 0;
		};
		4E7566A4206B61CD00D623DB /* Frameworks */ = {
			isa = PBXFrameworksBuildPhase;
			buildActionMask = 2147483647;
			files = (
			);
			runOnlyForDeploymentPostprocessing = 0;
		};
/* End PBXFrameworksBuildPhase section */

/* Begin PBXGroup section */
		4E75667C206B61CD00D623DB = {
			isa = PBXGroup;
			children = (
				4E756687206B61CD00D623DB /* Dyce */,
				4E75669F206B61CD00D623DB /* DyceTests */,
				4E7566AA206B61CD00D623DB /* DyceUITests */,
				4E756686206B61CD00D623DB /* Products */,
				B7174B17B0FC9DB11CE33C71 /* Pods */,
				E06905C0C82E7FB68A72CE03 /* Frameworks */,
			);
			sourceTree = "<group>";
		};
		4E756686206B61CD00D623DB /* Products */ = {
			isa = PBXGroup;
			children = (
				4E756685206B61CD00D623DB /* Dyce.app */,
				4E75669C206B61CD00D623DB /* DyceTests.xctest */,
				4E7566A7206B61CD00D623DB /* DyceUITests.xctest */,
			);
			name = Products;
			sourceTree = "<group>";
		};
		4E756687206B61CD00D623DB /* Dyce */ = {
			isa = PBXGroup;
			children = (
				4EA7C526206B6C520002D08E /* Helpers */,
				4EA7C51F206B67E10002D08E /* Login */,
				4E756688206B61CD00D623DB /* AppDelegate.swift */,
				4E75668A206B61CD00D623DB /* ViewController.swift */,
				4E75668C206B61CD00D623DB /* Main.storyboard */,
				4E756692206B61CD00D623DB /* Assets.xcassets */,
				4E756694206B61CD00D623DB /* LaunchScreen.storyboard */,
				4E756697206B61CD00D623DB /* Info.plist */,
				4E75668F206B61CD00D623DB /* Dyce.xcdatamodeld */,
				4EA7C533206C9C940002D08E /* GoogleService-Info.plist */,
			);
			path = Dyce;
			sourceTree = "<group>";
		};
		4E75669F206B61CD00D623DB /* DyceTests */ = {
			isa = PBXGroup;
			children = (
				4E7566A0206B61CD00D623DB /* DyceTests.swift */,
				4E7566A2206B61CD00D623DB /* Info.plist */,
			);
			path = DyceTests;
			sourceTree = "<group>";
		};
		4E7566AA206B61CD00D623DB /* DyceUITests */ = {
			isa = PBXGroup;
			children = (
				4E7566AB206B61CD00D623DB /* DyceUITests.swift */,
				4E7566AD206B61CD00D623DB /* Info.plist */,
			);
			path = DyceUITests;
			sourceTree = "<group>";
		};
		4EA7C51F206B67E10002D08E /* Login */ = {
			isa = PBXGroup;
			children = (
				4EA7C522206B69530002D08E /* LoginViewController.swift */,
				4EA7C523206B69540002D08E /* SignUpViewController.swift */,
				4EA7C520206B68090002D08E /* Login.storyboard */,
			);
			path = Login;
			sourceTree = "<group>";
		};
		4EA7C526206B6C520002D08E /* Helpers */ = {
			isa = PBXGroup;
			children = (
				4EA7C52B206B6CA70002D08E /* AlertController.swift */,
				4EA7C52C206B6CA80002D08E /* PhotoHelper.swift */,
				4EA7C52A206B6CA70002D08E /* VCWithKeyBoard.swift */,
				4EA7C527206B6C950002D08E /* CategoryHelper.swift */,
			);
			path = Helpers;
			sourceTree = "<group>";
		};
		B7174B17B0FC9DB11CE33C71 /* Pods */ = {
			isa = PBXGroup;
			children = (
				C04D1389DA537A0755F29995 /* Pods-Dyce.debug.xcconfig */,
				3A49C0D2219687D307379DC8 /* Pods-Dyce.release.xcconfig */,
			);
			name = Pods;
			sourceTree = "<group>";
		};
		E06905C0C82E7FB68A72CE03 /* Frameworks */ = {
			isa = PBXGroup;
			children = (
				6867C850E65CABB0A630F3C0 /* Pods_Dyce.framework */,
			);
			name = Frameworks;
			sourceTree = "<group>";
		};
/* End PBXGroup section */

/* Begin PBXNativeTarget section */
		4E756684206B61CD00D623DB /* Dyce */ = {
			isa = PBXNativeTarget;
			buildConfigurationList = 4E7566B0206B61CD00D623DB /* Build configuration list for PBXNativeTarget "Dyce" */;
			buildPhases = (
				FE757A824C87D3E67232879A /* [CP] Check Pods Manifest.lock */,
				4E756681206B61CD00D623DB /* Sources */,
				4E756682206B61CD00D623DB /* Frameworks */,
				4E756683206B61CD00D623DB /* Resources */,
				58543291BCE221B7E3DFB610 /* [CP] Embed Pods Frameworks */,
				E638BB90A22872F442089D15 /* [CP] Copy Pods Resources */,
			);
			buildRules = (
			);
			dependencies = (
			);
			name = Dyce;
			productName = Dyce;
			productReference = 4E756685206B61CD00D623DB /* Dyce.app */;
			productType = "com.apple.product-type.application";
		};
		4E75669B206B61CD00D623DB /* DyceTests */ = {
			isa = PBXNativeTarget;
			buildConfigurationList = 4E7566B3206B61CD00D623DB /* Build configuration list for PBXNativeTarget "DyceTests" */;
			buildPhases = (
				4E756698206B61CD00D623DB /* Sources */,
				4E756699206B61CD00D623DB /* Frameworks */,
				4E75669A206B61CD00D623DB /* Resources */,
			);
			buildRules = (
			);
			dependencies = (
				4E75669E206B61CD00D623DB /* PBXTargetDependency */,
			);
			name = DyceTests;
			productName = DyceTests;
			productReference = 4E75669C206B61CD00D623DB /* DyceTests.xctest */;
			productType = "com.apple.product-type.bundle.unit-test";
		};
		4E7566A6206B61CD00D623DB /* DyceUITests */ = {
			isa = PBXNativeTarget;
			buildConfigurationList = 4E7566B6206B61CD00D623DB /* Build configuration list for PBXNativeTarget "DyceUITests" */;
			buildPhases = (
				4E7566A3206B61CD00D623DB /* Sources */,
				4E7566A4206B61CD00D623DB /* Frameworks */,
				4E7566A5206B61CD00D623DB /* Resources */,
			);
			buildRules = (
			);
			dependencies = (
				4E7566A9206B61CD00D623DB /* PBXTargetDependency */,
			);
			name = DyceUITests;
			productName = DyceUITests;
			productReference = 4E7566A7206B61CD00D623DB /* DyceUITests.xctest */;
			productType = "com.apple.product-type.bundle.ui-testing";
		};
/* End PBXNativeTarget section */

/* Begin PBXProject section */
		4E75667D206B61CD00D623DB /* Project object */ = {
			isa = PBXProject;
			attributes = {
				LastSwiftUpdateCheck = 0920;
				LastUpgradeCheck = 0920;
				ORGANIZATIONNAME = "Rohan Rao";
				TargetAttributes = {
					4E756684206B61CD00D623DB = {
						CreatedOnToolsVersion = 9.2;
						ProvisioningStyle = Automatic;
					};
					4E75669B206B61CD00D623DB = {
						CreatedOnToolsVersion = 9.2;
						ProvisioningStyle = Automatic;
						TestTargetID = 4E756684206B61CD00D623DB;
					};
					4E7566A6206B61CD00D623DB = {
						CreatedOnToolsVersion = 9.2;
						ProvisioningStyle = Automatic;
						TestTargetID = 4E756684206B61CD00D623DB;
					};
				};
			};
			buildConfigurationList = 4E756680206B61CD00D623DB /* Build configuration list for PBXProject "Dyce" */;
			compatibilityVersion = "Xcode 8.0";
			developmentRegion = en;
			hasScannedForEncodings = 0;
			knownRegions = (
				en,
				Base,
			);
			mainGroup = 4E75667C206B61CD00D623DB;
			productRefGroup = 4E756686206B61CD00D623DB /* Products */;
			projectDirPath = "";
			projectRoot = "";
			targets = (
				4E756684206B61CD00D623DB /* Dyce */,
				4E75669B206B61CD00D623DB /* DyceTests */,
				4E7566A6206B61CD00D623DB /* DyceUITests */,
			);
		};
/* End PBXProject section */

/* Begin PBXResourcesBuildPhase section */
		4E756683206B61CD00D623DB /* Resources */ = {
			isa = PBXResourcesBuildPhase;
			buildActionMask = 2147483647;
			files = (
				4EA7C521206B68090002D08E /* Login.storyboard in Resources */,
				4E756696206B61CD00D623DB /* LaunchScreen.storyboard in Resources */,
				4EA7C534206C9C940002D08E /* GoogleService-Info.plist in Resources */,
				4E756693206B61CD00D623DB /* Assets.xcassets in Resources */,
				4E75668E206B61CD00D623DB /* Main.storyboard in Resources */,
			);
			runOnlyForDeploymentPostprocessing = 0;
		};
		4E75669A206B61CD00D623DB /* Resources */ = {
			isa = PBXResourcesBuildPhase;
			buildActionMask = 2147483647;
			files = (
			);
			runOnlyForDeploymentPostprocessing = 0;
		};
		4E7566A5206B61CD00D623DB /* Resources */ = {
			isa = PBXResourcesBuildPhase;
			buildActionMask = 2147483647;
			files = (
			);
			runOnlyForDeploymentPostprocessing = 0;
		};
/* End PBXResourcesBuildPhase section */

/* Begin PBXShellScriptBuildPhase section */
		58543291BCE221B7E3DFB610 /* [CP] Embed Pods Frameworks */ = {
			isa = PBXShellScriptBuildPhase;
			buildActionMask = 2147483647;
			files = (
			);
			inputPaths = (
				"${SRCROOT}/Pods/Target Support Files/Pods-Dyce/Pods-Dyce-frameworks.sh",
				"${BUILT_PRODUCTS_DIR}/AlertOnboarding/AlertOnboarding.framework",
				"${BUILT_PRODUCTS_DIR}/Bond/Bond.framework",
				"${BUILT_PRODUCTS_DIR}/BoringSSL/openssl.framework",
				"${BUILT_PRODUCTS_DIR}/ChameleonFramework/ChameleonFramework.framework",
				"${BUILT_PRODUCTS_DIR}/DZNEmptyDataSet/DZNEmptyDataSet.framework",
				"${BUILT_PRODUCTS_DIR}/Differ/Differ.framework",
				"${BUILT_PRODUCTS_DIR}/Eureka/Eureka.framework",
				"${BUILT_PRODUCTS_DIR}/GTMSessionFetcher/GTMSessionFetcher.framework",
				"${BUILT_PRODUCTS_DIR}/GoogleToolboxForMac/GoogleToolboxForMac.framework",
				"${BUILT_PRODUCTS_DIR}/KMPlaceholderTextView/KMPlaceholderTextView.framework",
				"${BUILT_PRODUCTS_DIR}/Protobuf/Protobuf.framework",
				"${BUILT_PRODUCTS_DIR}/ReactiveKit/ReactiveKit.framework",
				"${BUILT_PRODUCTS_DIR}/SCLAlertView/SCLAlertView.framework",
				"${BUILT_PRODUCTS_DIR}/SVProgressHUD/SVProgressHUD.framework",
				"${BUILT_PRODUCTS_DIR}/gRPC/GRPCClient.framework",
				"${BUILT_PRODUCTS_DIR}/gRPC-Core/grpc.framework",
				"${BUILT_PRODUCTS_DIR}/gRPC-ProtoRPC/ProtoRPC.framework",
				"${BUILT_PRODUCTS_DIR}/gRPC-RxLibrary/RxLibrary.framework",
				"${BUILT_PRODUCTS_DIR}/leveldb-library/leveldb.framework",
				"${BUILT_PRODUCTS_DIR}/nanopb/nanopb.framework",
			);
			name = "[CP] Embed Pods Frameworks";
			outputPaths = (
				"${TARGET_BUILD_DIR}/${FRAMEWORKS_FOLDER_PATH}/AlertOnboarding.framework",
				"${TARGET_BUILD_DIR}/${FRAMEWORKS_FOLDER_PATH}/Bond.framework",
				"${TARGET_BUILD_DIR}/${FRAMEWORKS_FOLDER_PATH}/openssl.framework",
				"${TARGET_BUILD_DIR}/${FRAMEWORKS_FOLDER_PATH}/ChameleonFramework.framework",
				"${TARGET_BUILD_DIR}/${FRAMEWORKS_FOLDER_PATH}/DZNEmptyDataSet.framework",
				"${TARGET_BUILD_DIR}/${FRAMEWORKS_FOLDER_PATH}/Differ.framework",
				"${TARGET_BUILD_DIR}/${FRAMEWORKS_FOLDER_PATH}/Eureka.framework",
				"${TARGET_BUILD_DIR}/${FRAMEWORKS_FOLDER_PATH}/GTMSessionFetcher.framework",
				"${TARGET_BUILD_DIR}/${FRAMEWORKS_FOLDER_PATH}/GoogleToolboxForMac.framework",
				"${TARGET_BUILD_DIR}/${FRAMEWORKS_FOLDER_PATH}/KMPlaceholderTextView.framework",
				"${TARGET_BUILD_DIR}/${FRAMEWORKS_FOLDER_PATH}/Protobuf.framework",
				"${TARGET_BUILD_DIR}/${FRAMEWORKS_FOLDER_PATH}/ReactiveKit.framework",
				"${TARGET_BUILD_DIR}/${FRAMEWORKS_FOLDER_PATH}/SCLAlertView.framework",
				"${TARGET_BUILD_DIR}/${FRAMEWORKS_FOLDER_PATH}/SVProgressHUD.framework",
				"${TARGET_BUILD_DIR}/${FRAMEWORKS_FOLDER_PATH}/GRPCClient.framework",
				"${TARGET_BUILD_DIR}/${FRAMEWORKS_FOLDER_PATH}/grpc.framework",
				"${TARGET_BUILD_DIR}/${FRAMEWORKS_FOLDER_PATH}/ProtoRPC.framework",
				"${TARGET_BUILD_DIR}/${FRAMEWORKS_FOLDER_PATH}/RxLibrary.framework",
				"${TARGET_BUILD_DIR}/${FRAMEWORKS_FOLDER_PATH}/leveldb.framework",
				"${TARGET_BUILD_DIR}/${FRAMEWORKS_FOLDER_PATH}/nanopb.framework",
			);
			runOnlyForDeploymentPostprocessing = 0;
			shellPath = /bin/sh;
			shellScript = "\"${SRCROOT}/Pods/Target Support Files/Pods-Dyce/Pods-Dyce-frameworks.sh\"\n";
			showEnvVarsInLog = 0;
		};
		E638BB90A22872F442089D15 /* [CP] Copy Pods Resources */ = {
			isa = PBXShellScriptBuildPhase;
			buildActionMask = 2147483647;
			files = (
			);
			inputPaths = (
			);
			name = "[CP] Copy Pods Resources";
			outputPaths = (
			);
			runOnlyForDeploymentPostprocessing = 0;
			shellPath = /bin/sh;
			shellScript = "\"${SRCROOT}/Pods/Target Support Files/Pods-Dyce/Pods-Dyce-resources.sh\"\n";
			showEnvVarsInLog = 0;
		};
		FE757A824C87D3E67232879A /* [CP] Check Pods Manifest.lock */ = {
			isa = PBXShellScriptBuildPhase;
			buildActionMask = 2147483647;
			files = (
			);
			inputPaths = (
				"${PODS_PODFILE_DIR_PATH}/Podfile.lock",
				"${PODS_ROOT}/Manifest.lock",
			);
			name = "[CP] Check Pods Manifest.lock";
			outputPaths = (
				"$(DERIVED_FILE_DIR)/Pods-Dyce-checkManifestLockResult.txt",
			);
			runOnlyForDeploymentPostprocessing = 0;
			shellPath = /bin/sh;
			shellScript = "diff \"${PODS_PODFILE_DIR_PATH}/Podfile.lock\" \"${PODS_ROOT}/Manifest.lock\" > /dev/null\nif [ $? != 0 ] ; then\n    # print error to STDERR\n    echo \"error: The sandbox is not in sync with the Podfile.lock. Run 'pod install' or update your CocoaPods installation.\" >&2\n    exit 1\nfi\n# This output is used by Xcode 'outputs' to avoid re-running this script phase.\necho \"SUCCESS\" > \"${SCRIPT_OUTPUT_FILE_0}\"\n";
			showEnvVarsInLog = 0;
		};
/* End PBXShellScriptBuildPhase section */

/* Begin PBXSourcesBuildPhase section */
		4E756681206B61CD00D623DB /* Sources */ = {
			isa = PBXSourcesBuildPhase;
			buildActionMask = 2147483647;
			files = (
				4EA7C524206B69550002D08E /* LoginViewController.swift in Sources */,
				4EA7C52F206B6CA80002D08E /* AlertController.swift in Sources */,
				4EA7C530206B6CA80002D08E /* PhotoHelper.swift in Sources */,
				4E756691206B61CD00D623DB /* Dyce.xcdatamodeld in Sources */,
				4E75668B206B61CD00D623DB /* ViewController.swift in Sources */,
				4EA7C528206B6C950002D08E /* CategoryHelper.swift in Sources */,
				4E756689206B61CD00D623DB /* AppDelegate.swift in Sources */,
				4EA7C52E206B6CA80002D08E /* VCWithKeyBoard.swift in Sources */,
				4EA7C525206B69550002D08E /* SignUpViewController.swift in Sources */,
			);
			runOnlyForDeploymentPostprocessing = 0;
		};
		4E756698206B61CD00D623DB /* Sources */ = {
			isa = PBXSourcesBuildPhase;
			buildActionMask = 2147483647;
			files = (
				4E7566A1206B61CD00D623DB /* DyceTests.swift in Sources */,
			);
			runOnlyForDeploymentPostprocessing = 0;
		};
		4E7566A3206B61CD00D623DB /* Sources */ = {
			isa = PBXSourcesBuildPhase;
			buildActionMask = 2147483647;
			files = (
				4E7566AC206B61CD00D623DB /* DyceUITests.swift in Sources */,
			);
			runOnlyForDeploymentPostprocessing = 0;
		};
/* End PBXSourcesBuildPhase section */

/* Begin PBXTargetDependency section */
		4E75669E206B61CD00D623DB /* PBXTargetDependency */ = {
			isa = PBXTargetDependency;
			target = 4E756684206B61CD00D623DB /* Dyce */;
			targetProxy = 4E75669D206B61CD00D623DB /* PBXContainerItemProxy */;
		};
		4E7566A9206B61CD00D623DB /* PBXTargetDependency */ = {
			isa = PBXTargetDependency;
			target = 4E756684206B61CD00D623DB /* Dyce */;
			targetProxy = 4E7566A8206B61CD00D623DB /* PBXContainerItemProxy */;
		};
/* End PBXTargetDependency section */

/* Begin PBXVariantGroup section */
		4E75668C206B61CD00D623DB /* Main.storyboard */ = {
			isa = PBXVariantGroup;
			children = (
				4E75668D206B61CD00D623DB /* Base */,
			);
			name = Main.storyboard;
			sourceTree = "<group>";
		};
		4E756694206B61CD00D623DB /* LaunchScreen.storyboard */ = {
			isa = PBXVariantGroup;
			children = (
				4E756695206B61CD00D623DB /* Base */,
			);
			name = LaunchScreen.storyboard;
			sourceTree = "<group>";
		};
/* End PBXVariantGroup section */

/* Begin XCBuildConfiguration section */
		4E7566AE206B61CD00D623DB /* Debug */ = {
			isa = XCBuildConfiguration;
			buildSettings = {
				ALWAYS_SEARCH_USER_PATHS = NO;
				CLANG_ANALYZER_NONNULL = YES;
				CLANG_ANALYZER_NUMBER_OBJECT_CONVERSION = YES_AGGRESSIVE;
				CLANG_CXX_LANGUAGE_STANDARD = "gnu++14";
				CLANG_CXX_LIBRARY = "libc++";
				CLANG_ENABLE_MODULES = YES;
				CLANG_ENABLE_OBJC_ARC = YES;
				CLANG_WARN_BLOCK_CAPTURE_AUTORELEASING = YES;
				CLANG_WARN_BOOL_CONVERSION = YES;
				CLANG_WARN_COMMA = YES;
				CLANG_WARN_CONSTANT_CONVERSION = YES;
				CLANG_WARN_DIRECT_OBJC_ISA_USAGE = YES_ERROR;
				CLANG_WARN_DOCUMENTATION_COMMENTS = YES;
				CLANG_WARN_EMPTY_BODY = YES;
				CLANG_WARN_ENUM_CONVERSION = YES;
				CLANG_WARN_INFINITE_RECURSION = YES;
				CLANG_WARN_INT_CONVERSION = YES;
				CLANG_WARN_NON_LITERAL_NULL_CONVERSION = YES;
				CLANG_WARN_OBJC_LITERAL_CONVERSION = YES;
				CLANG_WARN_OBJC_ROOT_CLASS = YES_ERROR;
				CLANG_WARN_RANGE_LOOP_ANALYSIS = YES;
				CLANG_WARN_STRICT_PROTOTYPES = YES;
				CLANG_WARN_SUSPICIOUS_MOVE = YES;
				CLANG_WARN_UNGUARDED_AVAILABILITY = YES_AGGRESSIVE;
				CLANG_WARN_UNREACHABLE_CODE = YES;
				CLANG_WARN__DUPLICATE_METHOD_MATCH = YES;
				CODE_SIGN_IDENTITY = "iPhone Developer";
				COPY_PHASE_STRIP = NO;
				DEBUG_INFORMATION_FORMAT = dwarf;
				ENABLE_STRICT_OBJC_MSGSEND = YES;
				ENABLE_TESTABILITY = YES;
				GCC_C_LANGUAGE_STANDARD = gnu11;
				GCC_DYNAMIC_NO_PIC = NO;
				GCC_NO_COMMON_BLOCKS = YES;
				GCC_OPTIMIZATION_LEVEL = 0;
				GCC_PREPROCESSOR_DEFINITIONS = (
					"DEBUG=1",
					"$(inherited)",
				);
				GCC_WARN_64_TO_32_BIT_CONVERSION = YES;
				GCC_WARN_ABOUT_RETURN_TYPE = YES_ERROR;
				GCC_WARN_UNDECLARED_SELECTOR = YES;
				GCC_WARN_UNINITIALIZED_AUTOS = YES_AGGRESSIVE;
				GCC_WARN_UNUSED_FUNCTION = YES;
				GCC_WARN_UNUSED_VARIABLE = YES;
				IPHONEOS_DEPLOYMENT_TARGET = 11.2;
				MTL_ENABLE_DEBUG_INFO = YES;
				ONLY_ACTIVE_ARCH = YES;
				SDKROOT = iphoneos;
				SWIFT_ACTIVE_COMPILATION_CONDITIONS = DEBUG;
				SWIFT_OPTIMIZATION_LEVEL = "-Onone";
			};
			name = Debug;
		};
		4E7566AF206B61CD00D623DB /* Release */ = {
			isa = XCBuildConfiguration;
			buildSettings = {
				ALWAYS_SEARCH_USER_PATHS = NO;
				CLANG_ANALYZER_NONNULL = YES;
				CLANG_ANALYZER_NUMBER_OBJECT_CONVERSION = YES_AGGRESSIVE;
				CLANG_CXX_LANGUAGE_STANDARD = "gnu++14";
				CLANG_CXX_LIBRARY = "libc++";
				CLANG_ENABLE_MODULES = YES;
				CLANG_ENABLE_OBJC_ARC = YES;
				CLANG_WARN_BLOCK_CAPTURE_AUTORELEASING = YES;
				CLANG_WARN_BOOL_CONVERSION = YES;
				CLANG_WARN_COMMA = YES;
				CLANG_WARN_CONSTANT_CONVERSION = YES;
				CLANG_WARN_DIRECT_OBJC_ISA_USAGE = YES_ERROR;
				CLANG_WARN_DOCUMENTATION_COMMENTS = YES;
				CLANG_WARN_EMPTY_BODY = YES;
				CLANG_WARN_ENUM_CONVERSION = YES;
				CLANG_WARN_INFINITE_RECURSION = YES;
				CLANG_WARN_INT_CONVERSION = YES;
				CLANG_WARN_NON_LITERAL_NULL_CONVERSION = YES;
				CLANG_WARN_OBJC_LITERAL_CONVERSION = YES;
				CLANG_WARN_OBJC_ROOT_CLASS = YES_ERROR;
				CLANG_WARN_RANGE_LOOP_ANALYSIS = YES;
				CLANG_WARN_STRICT_PROTOTYPES = YES;
				CLANG_WARN_SUSPICIOUS_MOVE = YES;
				CLANG_WARN_UNGUARDED_AVAILABILITY = YES_AGGRESSIVE;
				CLANG_WARN_UNREACHABLE_CODE = YES;
				CLANG_WARN__DUPLICATE_METHOD_MATCH = YES;
				CODE_SIGN_IDENTITY = "iPhone Developer";
				COPY_PHASE_STRIP = NO;
				DEBUG_INFORMATION_FORMAT = "dwarf-with-dsym";
				ENABLE_NS_ASSERTIONS = NO;
				ENABLE_STRICT_OBJC_MSGSEND = YES;
				GCC_C_LANGUAGE_STANDARD = gnu11;
				GCC_NO_COMMON_BLOCKS = YES;
				GCC_WARN_64_TO_32_BIT_CONVERSION = YES;
				GCC_WARN_ABOUT_RETURN_TYPE = YES_ERROR;
				GCC_WARN_UNDECLARED_SELECTOR = YES;
				GCC_WARN_UNINITIALIZED_AUTOS = YES_AGGRESSIVE;
				GCC_WARN_UNUSED_FUNCTION = YES;
				GCC_WARN_UNUSED_VARIABLE = YES;
				IPHONEOS_DEPLOYMENT_TARGET = 11.2;
				MTL_ENABLE_DEBUG_INFO = NO;
				SDKROOT = iphoneos;
				SWIFT_OPTIMIZATION_LEVEL = "-Owholemodule";
				VALIDATE_PRODUCT = YES;
			};
			name = Release;
		};
		4E7566B1206B61CD00D623DB /* Debug */ = {
			isa = XCBuildConfiguration;
			baseConfigurationReference = C04D1389DA537A0755F29995 /* Pods-Dyce.debug.xcconfig */;
			buildSettings = {
				ASSETCATALOG_COMPILER_APPICON_NAME = AppIcon;
				CODE_SIGN_STYLE = Automatic;
				DEVELOPMENT_TEAM = 9P3SHN267S;
				INFOPLIST_FILE = Dyce/Info.plist;
				LD_RUNPATH_SEARCH_PATHS = "$(inherited) @executable_path/Frameworks";
				PRODUCT_BUNDLE_IDENTIFIER = com.nfinitylabs.DyceApp;
				PRODUCT_NAME = "$(TARGET_NAME)";
				SWIFT_VERSION = 4.0;
				TARGETED_DEVICE_FAMILY = "1,2";
			};
			name = Debug;
		};
		4E7566B2206B61CD00D623DB /* Release */ = {
			isa = XCBuildConfiguration;
			baseConfigurationReference = 3A49C0D2219687D307379DC8 /* Pods-Dyce.release.xcconfig */;
			buildSettings = {
				ASSETCATALOG_COMPILER_APPICON_NAME = AppIcon;
				CODE_SIGN_STYLE = Automatic;
				DEVELOPMENT_TEAM = 9P3SHN267S;
				INFOPLIST_FILE = Dyce/Info.plist;
				LD_RUNPATH_SEARCH_PATHS = "$(inherited) @executable_path/Frameworks";
				PRODUCT_BUNDLE_IDENTIFIER = com.nfinitylabs.DyceApp;
				PRODUCT_NAME = "$(TARGET_NAME)";
				SWIFT_VERSION = 4.0;
				TARGETED_DEVICE_FAMILY = "1,2";
			};
			name = Release;
		};
		4E7566B4206B61CD00D623DB /* Debug */ = {
			isa = XCBuildConfiguration;
			buildSettings = {
				ALWAYS_EMBED_SWIFT_STANDARD_LIBRARIES = YES;
				BUNDLE_LOADER = "$(TEST_HOST)";
				CODE_SIGN_STYLE = Automatic;
				DEVELOPMENT_TEAM = 9P3SHN267S;
				INFOPLIST_FILE = DyceTests/Info.plist;
				LD_RUNPATH_SEARCH_PATHS = "$(inherited) @executable_path/Frameworks @loader_path/Frameworks";
				PRODUCT_BUNDLE_IDENTIFIER = com.nfinitylabs.DyceTests;
				PRODUCT_NAME = "$(TARGET_NAME)";
				SWIFT_VERSION = 4.0;
				TARGETED_DEVICE_FAMILY = "1,2";
				TEST_HOST = "$(BUILT_PRODUCTS_DIR)/Dyce.app/Dyce";
			};
			name = Debug;
		};
		4E7566B5206B61CD00D623DB /* Release */ = {
			isa = XCBuildConfiguration;
			buildSettings = {
				ALWAYS_EMBED_SWIFT_STANDARD_LIBRARIES = YES;
				BUNDLE_LOADER = "$(TEST_HOST)";
				CODE_SIGN_STYLE = Automatic;
				DEVELOPMENT_TEAM = 9P3SHN267S;
				INFOPLIST_FILE = DyceTests/Info.plist;
				LD_RUNPATH_SEARCH_PATHS = "$(inherited) @executable_path/Frameworks @loader_path/Frameworks";
				PRODUCT_BUNDLE_IDENTIFIER = com.nfinitylabs.DyceTests;
				PRODUCT_NAME = "$(TARGET_NAME)";
				SWIFT_VERSION = 4.0;
				TARGETED_DEVICE_FAMILY = "1,2";
				TEST_HOST = "$(BUILT_PRODUCTS_DIR)/Dyce.app/Dyce";
			};
			name = Release;
		};
		4E7566B7206B61CD00D623DB /* Debug */ = {
			isa = XCBuildConfiguration;
			buildSettings = {
				ALWAYS_EMBED_SWIFT_STANDARD_LIBRARIES = YES;
				CODE_SIGN_STYLE = Automatic;
				DEVELOPMENT_TEAM = 9P3SHN267S;
				INFOPLIST_FILE = DyceUITests/Info.plist;
				LD_RUNPATH_SEARCH_PATHS = "$(inherited) @executable_path/Frameworks @loader_path/Frameworks";
				PRODUCT_BUNDLE_IDENTIFIER = com.nfinitylabs.DyceUITests;
				PRODUCT_NAME = "$(TARGET_NAME)";
				SWIFT_VERSION = 4.0;
				TARGETED_DEVICE_FAMILY = "1,2";
				TEST_TARGET_NAME = Dyce;
			};
			name = Debug;
		};
		4E7566B8206B61CD00D623DB /* Release */ = {
			isa = XCBuildConfiguration;
			buildSettings = {
				ALWAYS_EMBED_SWIFT_STANDARD_LIBRARIES = YES;
				CODE_SIGN_STYLE = Automatic;
				DEVELOPMENT_TEAM = 9P3SHN267S;
				INFOPLIST_FILE = DyceUITests/Info.plist;
				LD_RUNPATH_SEARCH_PATHS = "$(inherited) @executable_path/Frameworks @loader_path/Frameworks";
				PRODUCT_BUNDLE_IDENTIFIER = com.nfinitylabs.DyceUITests;
				PRODUCT_NAME = "$(TARGET_NAME)";
				SWIFT_VERSION = 4.0;
				TARGETED_DEVICE_FAMILY = "1,2";
				TEST_TARGET_NAME = Dyce;
			};
			name = Release;
		};
/* End XCBuildConfiguration section */

/* Begin XCConfigurationList section */
		4E756680206B61CD00D623DB /* Build configuration list for PBXProject "Dyce" */ = {
			isa = XCConfigurationList;
			buildConfigurations = (
				4E7566AE206B61CD00D623DB /* Debug */,
				4E7566AF206B61CD00D623DB /* Release */,
			);
			defaultConfigurationIsVisible = 0;
			defaultConfigurationName = Release;
		};
		4E7566B0206B61CD00D623DB /* Build configuration list for PBXNativeTarget "Dyce" */ = {
			isa = XCConfigurationList;
			buildConfigurations = (
				4E7566B1206B61CD00D623DB /* Debug */,
				4E7566B2206B61CD00D623DB /* Release */,
			);
			defaultConfigurationIsVisible = 0;
			defaultConfigurationName = Release;
		};
		4E7566B3206B61CD00D623DB /* Build configuration list for PBXNativeTarget "DyceTests" */ = {
			isa = XCConfigurationList;
			buildConfigurations = (
				4E7566B4206B61CD00D623DB /* Debug */,
				4E7566B5206B61CD00D623DB /* Release */,
			);
			defaultConfigurationIsVisible = 0;
			defaultConfigurationName = Release;
		};
		4E7566B6206B61CD00D623DB /* Build configuration list for PBXNativeTarget "DyceUITests" */ = {
			isa = XCConfigurationList;
			buildConfigurations = (
				4E7566B7206B61CD00D623DB /* Debug */,
				4E7566B8206B61CD00D623DB /* Release */,
			);
			defaultConfigurationIsVisible = 0;
			defaultConfigurationName = Release;
		};
/* End XCConfigurationList section */

/* Begin XCVersionGroup section */
		4E75668F206B61CD00D623DB /* Dyce.xcdatamodeld */ = {
			isa = XCVersionGroup;
			children = (
				4E756690206B61CD00D623DB /* Dyce.xcdatamodel */,
			);
			currentVersion = 4E756690206B61CD00D623DB /* Dyce.xcdatamodel */;
			path = Dyce.xcdatamodeld;
			sourceTree = "<group>";
			versionGroupType = wrapper.xcdatamodel;
		};
/* End XCVersionGroup section */
	};
	rootObject = 4E75667D206B61CD00D623DB /* Project object */;
}
