PODS:
  - AlertOnboarding (2.0)
  - Bond (6.7.0):
    - Differ (~> 1.0)
    - ReactiveKit (~> 3.8)
  - BoringSSL (10.0.2):
    - BoringSSL/Implementation (= 10.0.2)
    - BoringSSL/Interface (= 10.0.2)
  - BoringSSL/Implementation (10.0.2):
    - BoringSSL/Interface (= 10.0.2)
  - BoringSSL/Interface (10.0.2)
  - ChameleonFramework/Default (2.1.0)
  - ChameleonFramework/Swift (2.1.0):
    - ChameleonFramework/Default
  - Differ (1.1.1)
  - DZNEmptyDataSet (1.8.1)
  - Eureka (4.1.1)
  - Firebase/AdMob (4.12.0):
    - Firebase/Core
    - Google-Mobile-Ads-SDK (= 7.30.0)
  - Firebase/Auth (4.12.0):
    - Firebase/Core
    - FirebaseAuth (= 4.6.0)
  - Firebase/Core (4.12.0):
    - FirebaseAnalytics (= 4.1.0)
    - FirebaseCore (= 4.0.19)
  - Firebase/Crash (4.12.0):
    - Firebase/Core
    - FirebaseCrash (= 2.0.2)
  - Firebase/Database (4.12.0):
    - Firebase/Core
    - FirebaseDatabase (= 4.1.5)
  - Firebase/Firestore (4.12.0):
    - Firebase/Core
    - FirebaseFirestore (= 0.11.0)
  - Firebase/Performance (4.12.0):
    - Firebase/Core
    - FirebasePerformance (= 1.1.3)
  - Firebase/Storage (4.12.0):
    - Firebase/Core
    - FirebaseStorage (= 2.2.0)
  - FirebaseAnalytics (4.1.0):
    - FirebaseCore (~> 4.0)
    - FirebaseInstanceID (~> 2.0)
    - "GoogleToolboxForMac/NSData+zlib (~> 2.1)"
    - nanopb (~> 0.3)
  - FirebaseAuth (4.6.0):
    - FirebaseAnalytics (~> 4.1)
    - "GoogleToolboxForMac/NSDictionary+URLArguments (~> 2.1)"
    - GTMSessionFetcher/Core (~> 1.1)
  - FirebaseCore (4.0.19):
    - "GoogleToolboxForMac/NSData+zlib (~> 2.1)"
  - FirebaseCrash (2.0.2):
    - FirebaseAnalytics (~> 4.0)
    - FirebaseInstanceID (~> 2.0)
    - GoogleToolboxForMac/Logger (~> 2.1)
    - "GoogleToolboxForMac/NSData+zlib (~> 2.1)"
    - Protobuf (~> 3.1)
  - FirebaseDatabase (4.1.5):
    - FirebaseAnalytics (~> 4.1)
    - FirebaseCore (~> 4.0)
    - leveldb-library (~> 1.18)
  - FirebaseFirestore (0.11.0):
    - FirebaseAnalytics (~> 4.1)
    - FirebaseCore (~> 4.0)
    - gRPC-ProtoRPC (~> 1.0)
    - leveldb-library (~> 1.18)
    - Protobuf (~> 3.5)
  - FirebaseInstanceID (2.0.10):
    - FirebaseCore (~> 4.0)
  - FirebasePerformance (1.1.3):
    - FirebaseAnalytics (~> 4.1)
    - FirebaseInstanceID (~> 2.0)
    - FirebaseSwizzlingUtilities/ISASwizzling (~> 1.0)
    - FirebaseSwizzlingUtilities/MethodSwizzling (~> 1.0)
    - GoogleToolboxForMac/Logger (~> 2.1)
    - "GoogleToolboxForMac/NSData+zlib (~> 2.1)"
    - GTMSessionFetcher/Core (~> 1.1)
    - Protobuf (~> 3.5)
  - FirebaseStorage (2.2.0):
    - FirebaseAnalytics (~> 4.1)
    - FirebaseCore (~> 4.0)
    - GTMSessionFetcher/Core (~> 1.1)
  - FirebaseSwizzlingUtilities/ISASwizzling (1.0.1)
  - FirebaseSwizzlingUtilities/MethodSwizzling (1.0.1):
    - FirebaseCore (~> 4.0)
  - GeoFire (2.0.1):
    - Firebase/Database (~> 4.0)
  - Google-Mobile-Ads-SDK (7.30.0)
  - GoogleToolboxForMac/DebugUtils (2.1.3):
    - GoogleToolboxForMac/Defines (= 2.1.3)
  - GoogleToolboxForMac/Defines (2.1.3)
  - GoogleToolboxForMac/Logger (2.1.3):
    - GoogleToolboxForMac/Defines (= 2.1.3)
  - "GoogleToolboxForMac/NSData+zlib (2.1.3)":
    - GoogleToolboxForMac/Defines (= 2.1.3)
  - "GoogleToolboxForMac/NSDictionary+URLArguments (2.1.3)":
    - GoogleToolboxForMac/DebugUtils (= 2.1.3)
    - GoogleToolboxForMac/Defines (= 2.1.3)
    - "GoogleToolboxForMac/NSString+URLArguments (= 2.1.3)"
  - "GoogleToolboxForMac/NSString+URLArguments (2.1.3)"
  - gRPC (1.10.0):
    - gRPC-RxLibrary (= 1.10.0)
    - gRPC/Main (= 1.10.0)
  - gRPC-Core (1.10.0):
    - gRPC-Core/Implementation (= 1.10.0)
    - gRPC-Core/Interface (= 1.10.0)
  - gRPC-Core/Implementation (1.10.0):
    - BoringSSL (~> 10.0)
    - gRPC-Core/Interface (= 1.10.0)
    - nanopb (~> 0.3)
  - gRPC-Core/Interface (1.10.0)
  - gRPC-ProtoRPC (1.10.0):
    - gRPC (= 1.10.0)
    - gRPC-RxLibrary (= 1.10.0)
    - Protobuf (~> 3.0)
  - gRPC-RxLibrary (1.10.0)
  - gRPC/Main (1.10.0):
    - gRPC-Core (= 1.10.0)
    - gRPC-RxLibrary (= 1.10.0)
  - GTMSessionFetcher/Core (1.1.15)
  - KMPlaceholderTextView (1.3.0)
  - leveldb-library (1.20)
  - nanopb (0.3.8):
    - nanopb/decode (= 0.3.8)
    - nanopb/encode (= 0.3.8)
  - nanopb/decode (0.3.8)
  - nanopb/encode (0.3.8)
  - Protobuf (3.5.0)
  - ReactiveKit (3.9.4)
  - SCLAlertView (0.8)
  - SVProgressHUD (2.2.5)

DEPENDENCIES:
  - AlertOnboarding
  - Bond
  - ChameleonFramework/Swift (from `https://github.com/ViccAlexander/Chameleon.git`)
  - DZNEmptyDataSet
  - Eureka (from `https://github.com/xmartlabs/Eureka.git`, branch `master`)
  - Firebase/AdMob
  - Firebase/Auth
  - Firebase/Core
  - Firebase/Crash
  - Firebase/Database
  - Firebase/Firestore
  - Firebase/Performance
  - Firebase/Storage
  - GeoFire (from `https://github.com/firebase/geofire-objc.git`)
  - KMPlaceholderTextView
  - SCLAlertView
  - SVProgressHUD

SPEC REPOS:
  https://github.com/CocoaPods/Specs.git:
    - AlertOnboarding
    - Bond
    - BoringSSL
    - Differ
    - DZNEmptyDataSet
    - Firebase
    - FirebaseAnalytics
    - FirebaseAuth
    - FirebaseCore
    - FirebaseCrash
    - FirebaseDatabase
    - FirebaseFirestore
    - FirebaseInstanceID
    - FirebasePerformance
    - FirebaseStorage
    - FirebaseSwizzlingUtilities
    - Google-Mobile-Ads-SDK
    - GoogleToolboxForMac
    - gRPC
    - gRPC-Core
    - gRPC-ProtoRPC
    - gRPC-RxLibrary
    - GTMSessionFetcher
    - KMPlaceholderTextView
    - leveldb-library
    - nanopb
    - Protobuf
    - ReactiveKit
    - SCLAlertView
    - SVProgressHUD

EXTERNAL SOURCES:
  ChameleonFramework:
    :git: https://github.com/ViccAlexander/Chameleon.git
  Eureka:
    :branch: master
    :git: https://github.com/xmartlabs/Eureka.git
  GeoFire:
    :git: https://github.com/firebase/geofire-objc.git

CHECKOUT OPTIONS:
  ChameleonFramework:
    :commit: 6dd284bde21ea2e7f9fd89bc36f40df16e16369d
    :git: https://github.com/ViccAlexander/Chameleon.git
  Eureka:
    :commit: da77260adccb52e30a68c07a8d056c14d3ac1910
    :git: https://github.com/xmartlabs/Eureka.git
  GeoFire:
    :commit: dc408bcd4268cc5ec8831cda0000c23863767d42
    :git: https://github.com/firebase/geofire-objc.git

SPEC CHECKSUMS:
  AlertOnboarding: 2e6804e67894894807c5d24bcfcd7905897e6f08
  Bond: 06ece4b283fb69047d9997e285147d0abcf52ce3
  BoringSSL: 60dd24df4af296bf41d78e5841dbb95d75f88c0d
  ChameleonFramework: d21a3cc247abfe5e37609a283a8238b03575cf64
  Differ: 462849df6097d4e0e5ebbc9af2475f7aebfd65dc
  DZNEmptyDataSet: 9525833b9e68ac21c30253e1d3d7076cc828eaa7
  Eureka: b88fb930e42c79f8c03c373d0fcdc28c1d6c50ed
  Firebase: d7fdf40e4d6c841849c52919f437fd3a0009ded0
  FirebaseAnalytics: 3dfae28d4a5e06f86c4fae830efc2ad3fadb19bc
  FirebaseAuth: 85a1b118a89838efc6f6ab3f2b1f94747d72a915
  FirebaseCore: ff49ebb37e0f63a570d78c4f1c1c0befe8659d5c
  FirebaseCrash: a7d980468dc8aa2db9792493c3e02722d601f6ab
  FirebaseDatabase: 5f0bc6134c5c237cf55f9e1249d406770a75eafd
  FirebaseFirestore: e92a096ce80c7b4b905d4e9d41dbd944adc9d2a5
  FirebaseInstanceID: 8d20d890d65c917f9f7d9950b6e10a760ad34321
  FirebasePerformance: 85bdc3f3d630deb629e85695fcab23364d68f5db
  FirebaseStorage: 0c223481c8f89ed300cf1239ddd2d9833622c65f
  FirebaseSwizzlingUtilities: 6006111d30248d2321ffac0231e246663e704ea3
  GeoFire: 3e70a24019dc16816190f533c9cac0d1321c4a71
  Google-Mobile-Ads-SDK: 7404f68120ae8682afeb5af001fbf4aad731c78e
  GoogleToolboxForMac: 2501e2ad72a52eb3dfe7bd9aee7dad11b858bd20
  gRPC: f54f0e6d603052b4562447da442ce2ff30bcdacc
  gRPC-Core: a030b1678ded49c88ec5ba7c90ee8ee5f47ec6e1
  gRPC-ProtoRPC: 22712b23eb1bda656a59715fa5c1da0ea1493ea4
  gRPC-RxLibrary: a41a4652d220f230ba1c0491a94ce2ee04c6180a
  GTMSessionFetcher: 5fa5b80fd20e439ef5f545fb2cb3ca6c6714caa2
  KMPlaceholderTextView: 2bbcd19a273648a80a61e1e48f9743a24d8930e3
  leveldb-library: 08cba283675b7ed2d99629a4bc5fd052cd2bb6a5
  nanopb: 5601e6bca2dbf1ed831b519092ec110f66982ca3
  Protobuf: 8a9838fba8dae3389230e1b7f8c104aa32389c03
  ReactiveKit: cafbc91f72751d09baa9a3c3cf6d82b646328a6c
  SCLAlertView: 6a77bb2edfc65e04dbe57725546cb4107a506b85
  SVProgressHUD: 1428aafac632c1f86f62aa4243ec12008d7a51d6

PODFILE CHECKSUM: d71a8d0d44afb5eae908577f2173730520616bb6

COCOAPODS: 1.5.0
